
Microsoft Visual Studio Solution File, Format Version 12.00
# Visual Studio Version 17
VisualStudioVersion = 17.5.002.0
MinimumVisualStudioVersion = 10.0.40219.1
Project("{2150E333-8FDC-42A3-9474-1A3956D46DE8}") = "src", "src", "{1C9FEAB8-C472-420A-BF86-635622296ABF}"
EndProject
Project("{9A19103F-16F7-4668-BE54-9A1E7A4F7556}") = "myfinance-web-netcore", "src\myfinance-web-netcore\myfinance-web-netcore.csproj", "{286AD1FF-E333-40FF-95C7-2A16FE56F507}"
EndProject
Global
	GlobalSection(SolutionConfigurationPlatforms) = preSolution
		Debug|Any CPU = Debug|Any CPU
		Release|Any CPU = Release|Any CPU
	EndGlobalSection
	GlobalSection(ProjectConfigurationPlatforms) = postSolution
		{286AD1FF-E333-40FF-95C7-2A16FE56F507}.Debug|Any CPU.ActiveCfg = Debug|Any CPU
		{286AD1FF-E333-40FF-95C7-2A16FE56F507}.Debug|Any CPU.Build.0 = Debug|Any CPU
		{286AD1FF-E333-40FF-95C7-2A16FE56F507}.Release|Any CPU.ActiveCfg = Release|Any CPU
		{286AD1FF-E333-40FF-95C7-2A16FE56F507}.Release|Any CPU.Build.0 = Release|Any CPU
	EndGlobalSection
	GlobalSection(SolutionProperties) = preSolution
		HideSolutionNode = FALSE
	EndGlobalSection
	GlobalSection(NestedProjects) = preSolution
		{286AD1FF-E333-40FF-95C7-2A16FE56F507} = {1C9FEAB8-C472-420A-BF86-635622296ABF}
	EndGlobalSection
	GlobalSection(ExtensibilityGlobals) = postSolution
		SolutionGuid = {A053DACE-D399-40C4-A4D7-F45B8EF48B74}
	EndGlobalSection
EndGlobal
